<?xml version="1.0" encoding="utf-8"?>
<Project ToolsVersion="4.0" xmlns="http://schemas.microsoft.com/developer/msbuild/2003">
  <ItemGroup>
    <Filter Include="소스 파일">
      <UniqueIdentifier>{4FC737F1-C7A5-4376-A066-2A32D752A2FF}</UniqueIdentifier>
      <Extensions>cpp;c;cc;cxx;c++;cppm;ixx;def;odl;idl;hpj;bat;asm;asmx</Extensions>
    </Filter>
    <Filter Include="헤더 파일">
      <UniqueIdentifier>{93995380-89BD-4b04-88EB-625FBE52EBFB}</UniqueIdentifier>
      <Extensions>h;hh;hpp;hxx;h++;hm;inl;inc;ipp;xsd</Extensions>
    </Filter>
    <Filter Include="리소스 파일">
      <UniqueIdentifier>{67DA6AB6-F800-4c08-8B7A-83BB121AAD01}</UniqueIdentifier>
      <Extensions>rc;ico;cur;bmp;dlg;rc2;rct;bin;rgs;gif;jpg;jpeg;jpe;resx;tiff;tif;png;wav;mfcribbon-ms</Extensions>
    </Filter>
    <Filter Include="Network">
      <UniqueIdentifier>{b0586ca2-4de5-411d-bab0-fe25eca95a45}</UniqueIdentifier>
    </Filter>
    <Filter Include="Network\header">
      <UniqueIdentifier>{08fdd9d3-65c4-4a15-9208-a0a44a30cd86}</UniqueIdentifier>
    </Filter>
    <Filter Include="Network\source">
      <UniqueIdentifier>{56ab0f05-c4af-4cfa-9bfd-3cecc8382d02}</UniqueIdentifier>
    </Filter>
    <Filter Include="Database">
      <UniqueIdentifier>{6ef4ba2f-fb6c-4c8b-9524-639c8a2b1a38}</UniqueIdentifier>
    </Filter>
  </ItemGroup>
  <ItemGroup>
    <ClCompile Include="stdafx.cpp">
      <Filter>소스 파일</Filter>
    </ClCompile>
    <ClCompile Include="BABufferContainer.cpp">
      <Filter>소스 파일</Filter>
    </ClCompile>
    <ClCompile Include="BAEncryptor.cpp">
      <Filter>소스 파일</Filter>
    </ClCompile>
    <ClCompile Include="SerializedObject.cpp">
      <Filter>소스 파일</Filter>
    </ClCompile>
    <ClCompile Include="BAThread.cpp">
      <Filter>소스 파일</Filter>
    </ClCompile>
    <ClCompile Include="BANetworkBuffer.cpp">
      <Filter>Network\source</Filter>
    </ClCompile>
    <ClCompile Include="BANetworkEngine.cpp">
      <Filter>Network\source</Filter>
    </ClCompile>
    <ClCompile Include="BASocket.cpp">
      <Filter>Network\source</Filter>
    </ClCompile>
    <ClCompile Include="NetMessage.cpp">
      <Filter>Network\source</Filter>
    </ClCompile>
    <ClCompile Include="BAOverlapped.cpp">
      <Filter>Network\header</Filter>
    </ClCompile>
    <ClCompile Include="BASession.cpp">
      <Filter>Network\source</Filter>
    </ClCompile>
  </ItemGroup>
  <ItemGroup>
    <ClInclude Include="BACircularQueue.h">
      <Filter>헤더 파일</Filter>
    </ClInclude>
    <ClInclude Include="BALock.h">
      <Filter>헤더 파일</Filter>
    </ClInclude>
    <ClInclude Include="BAMemoryPool.h">
      <Filter>헤더 파일</Filter>
    </ClInclude>
    <ClInclude Include="stdafx.h">
      <Filter>헤더 파일</Filter>
    </ClInclude>
    <ClInclude Include="Log.h">
      <Filter>헤더 파일</Filter>
    </ClInclude>
    <ClInclude Include="BABufferContainer.h">
      <Filter>헤더 파일</Filter>
    </ClInclude>
    <ClInclude Include="BAScheduler.h">
      <Filter>헤더 파일</Filter>
    </ClInclude>
    <ClInclude Include="BASingleton.h">
      <Filter>헤더 파일</Filter>
    </ClInclude>
    <ClInclude Include="BACore.h">
      <Filter>헤더 파일</Filter>
    </ClInclude>
    <ClInclude Include="BAEncryptor.h">
      <Filter>헤더 파일</Filter>
    </ClInclude>
    <ClInclude Include="BAQueue.h">
      <Filter>헤더 파일</Filter>
    </ClInclude>
    <ClInclude Include="SerializedObject.h">
      <Filter>헤더 파일</Filter>
    </ClInclude>
    <ClInclude Include="Task.h">
      <Filter>헤더 파일</Filter>
    </ClInclude>
    <ClInclude Include="BAObject.h">
      <Filter>헤더 파일</Filter>
    </ClInclude>
    <ClInclude Include="BAThread.h">
      <Filter>헤더 파일</Filter>
    </ClInclude>
    <ClInclude Include="BARandom.h">
      <Filter>헤더 파일</Filter>
    </ClInclude>
    <ClInclude Include="NetworkHandler.h">
      <Filter>Network\header</Filter>
    </ClInclude>
    <ClInclude Include="NetMessage.h">
      <Filter>Network\header</Filter>
    </ClInclude>
    <ClInclude Include="BASocket.h">
      <Filter>Network\header</Filter>
    </ClInclude>
    <ClInclude Include="BASession.h">
      <Filter>Network\header</Filter>
    </ClInclude>
    <ClInclude Include="BANetworkEngine.h">
      <Filter>Network\header</Filter>
    </ClInclude>
    <ClInclude Include="BANetworkBuffer.h">
      <Filter>Network\header</Filter>
    </ClInclude>
    <ClInclude Include="BAOverlapped.h">
      <Filter>Network\source</Filter>
    </ClInclude>
    <ClInclude Include="INetworkObject.h">
      <Filter>Network\header</Filter>
    </ClInclude>
  </ItemGroup>
</Project>