
Microsoft Visual Studio Solution File, Format Version 12.00
# Visual Studio Version 17
VisualStudioVersion = 17.0.32112.339
MinimumVisualStudioVersion = 10.0.40219.1
Project("{8BC9CEB8-8B4A-11D0-8D11-00A0C91BC942}") = "BuildAll", "BuildAll\BuildAll.vcxproj", "{48D52C2B-2717-402C-91EF-1131E16F1F41}"
EndProject
Project("{8BC9CEB8-8B4A-11D0-8D11-00A0C91BC942}") = "BACore", "BACore\BACore.vcxproj", "{C6FA16FB-BC0B-44B6-8860-11CC86B7EE3E}"
EndProject
Project("{8BC9CEB8-8B4A-11D0-8D11-00A0C91BC942}") = "BALib", "BALib\BALib.vcxproj", "{F68611AC-BFED-400E-BB0D-F153E9ED8BD5}"
	ProjectSection(ProjectDependencies) = postProject
		{C6FA16FB-BC0B-44B6-8860-11CC86B7EE3E} = {C6FA16FB-BC0B-44B6-8860-11CC86B7EE3E}
	EndProjectSection
EndProject
Project("{8BC9CEB8-8B4A-11D0-8D11-00A0C91BC942}") = "BATestServer", "BATestServer\BATestServer.vcxproj", "{D8D61FEE-B1B8-47AC-95A2-5564204E6DE8}"
	ProjectSection(ProjectDependencies) = postProject
		{C6FA16FB-BC0B-44B6-8860-11CC86B7EE3E} = {C6FA16FB-BC0B-44B6-8860-11CC86B7EE3E}
		{F68611AC-BFED-400E-BB0D-F153E9ED8BD5} = {F68611AC-BFED-400E-BB0D-F153E9ED8BD5}
	EndProjectSection
EndProject
Project("{8BC9CEB8-8B4A-11D0-8D11-00A0C91BC942}") = "BATestClient", "TestClient\TestClient.vcxproj", "{5A8ED82B-3F4A-412C-8555-68DD3E04A0DE}"
	ProjectSection(ProjectDependencies) = postProject
		{C6FA16FB-BC0B-44B6-8860-11CC86B7EE3E} = {C6FA16FB-BC0B-44B6-8860-11CC86B7EE3E}
		{F68611AC-BFED-400E-BB0D-F153E9ED8BD5} = {F68611AC-BFED-400E-BB0D-F153E9ED8BD5}
	EndProjectSection
EndProject
Global
	GlobalSection(SolutionConfigurationPlatforms) = preSolution
		Debug|Any CPU = Debug|Any CPU
		Debug|x64 = Debug|x64
		Debug|x86 = Debug|x86
		Release|Any CPU = Release|Any CPU
		Release|x64 = Release|x64
		Release|x86 = Release|x86
		Unreal_release|Any CPU = Unreal_release|Any CPU
		Unreal_release|x64 = Unreal_release|x64
		Unreal_release|x86 = Unreal_release|x86
	EndGlobalSection
	GlobalSection(ProjectConfigurationPlatforms) = postSolution
		{48D52C2B-2717-402C-91EF-1131E16F1F41}.Debug|Any CPU.ActiveCfg = Debug|x64
		{48D52C2B-2717-402C-91EF-1131E16F1F41}.Debug|Any CPU.Build.0 = Debug|x64
		{48D52C2B-2717-402C-91EF-1131E16F1F41}.Debug|x64.ActiveCfg = Debug|x64
		{48D52C2B-2717-402C-91EF-1131E16F1F41}.Debug|x86.ActiveCfg = Debug|Win32
		{48D52C2B-2717-402C-91EF-1131E16F1F41}.Debug|x86.Build.0 = Debug|Win32
		{48D52C2B-2717-402C-91EF-1131E16F1F41}.Release|Any CPU.ActiveCfg = Release|x64
		{48D52C2B-2717-402C-91EF-1131E16F1F41}.Release|Any CPU.Build.0 = Release|x64
		{48D52C2B-2717-402C-91EF-1131E16F1F41}.Release|x64.ActiveCfg = Release|x64
		{48D52C2B-2717-402C-91EF-1131E16F1F41}.Release|x86.ActiveCfg = Release|Win32
		{48D52C2B-2717-402C-91EF-1131E16F1F41}.Release|x86.Build.0 = Release|Win32
		{48D52C2B-2717-402C-91EF-1131E16F1F41}.Unreal_release|Any CPU.ActiveCfg = Release|x64
		{48D52C2B-2717-402C-91EF-1131E16F1F41}.Unreal_release|Any CPU.Build.0 = Release|x64
		{48D52C2B-2717-402C-91EF-1131E16F1F41}.Unreal_release|x64.ActiveCfg = Release|x64
		{48D52C2B-2717-402C-91EF-1131E16F1F41}.Unreal_release|x64.Build.0 = Release|x64
		{48D52C2B-2717-402C-91EF-1131E16F1F41}.Unreal_release|x86.ActiveCfg = Release|Win32
		{48D52C2B-2717-402C-91EF-1131E16F1F41}.Unreal_release|x86.Build.0 = Release|Win32
		{C6FA16FB-BC0B-44B6-8860-11CC86B7EE3E}.Debug|Any CPU.ActiveCfg = Debug|x64
		{C6FA16FB-BC0B-44B6-8860-11CC86B7EE3E}.Debug|Any CPU.Build.0 = Debug|x64
		{C6FA16FB-BC0B-44B6-8860-11CC86B7EE3E}.Debug|x64.ActiveCfg = Debug|x64
		{C6FA16FB-BC0B-44B6-8860-11CC86B7EE3E}.Debug|x64.Build.0 = Debug|x64
		{C6FA16FB-BC0B-44B6-8860-11CC86B7EE3E}.Debug|x86.ActiveCfg = Debug|Win32
		{C6FA16FB-BC0B-44B6-8860-11CC86B7EE3E}.Debug|x86.Build.0 = Debug|Win32
		{C6FA16FB-BC0B-44B6-8860-11CC86B7EE3E}.Release|Any CPU.ActiveCfg = Release|x64
		{C6FA16FB-BC0B-44B6-8860-11CC86B7EE3E}.Release|Any CPU.Build.0 = Release|x64
		{C6FA16FB-BC0B-44B6-8860-11CC86B7EE3E}.Release|x64.ActiveCfg = Release|x64
		{C6FA16FB-BC0B-44B6-8860-11CC86B7EE3E}.Release|x64.Build.0 = Release|x64
		{C6FA16FB-BC0B-44B6-8860-11CC86B7EE3E}.Release|x86.ActiveCfg = Release|Win32
		{C6FA16FB-BC0B-44B6-8860-11CC86B7EE3E}.Release|x86.Build.0 = Release|Win32
		{C6FA16FB-BC0B-44B6-8860-11CC86B7EE3E}.Unreal_release|Any CPU.ActiveCfg = Unreal_release|x64
		{C6FA16FB-BC0B-44B6-8860-11CC86B7EE3E}.Unreal_release|Any CPU.Build.0 = Unreal_release|x64
		{C6FA16FB-BC0B-44B6-8860-11CC86B7EE3E}.Unreal_release|x64.ActiveCfg = Unreal_release|x64
		{C6FA16FB-BC0B-44B6-8860-11CC86B7EE3E}.Unreal_release|x64.Build.0 = Unreal_release|x64
		{C6FA16FB-BC0B-44B6-8860-11CC86B7EE3E}.Unreal_release|x86.ActiveCfg = Unreal_release|Win32
		{C6FA16FB-BC0B-44B6-8860-11CC86B7EE3E}.Unreal_release|x86.Build.0 = Unreal_release|Win32
		{F68611AC-BFED-400E-BB0D-F153E9ED8BD5}.Debug|Any CPU.ActiveCfg = Debug|x64
		{F68611AC-BFED-400E-BB0D-F153E9ED8BD5}.Debug|Any CPU.Build.0 = Debug|x64
		{F68611AC-BFED-400E-BB0D-F153E9ED8BD5}.Debug|x64.ActiveCfg = Debug|x64
		{F68611AC-BFED-400E-BB0D-F153E9ED8BD5}.Debug|x64.Build.0 = Debug|x64
		{F68611AC-BFED-400E-BB0D-F153E9ED8BD5}.Debug|x86.ActiveCfg = Debug|Win32
		{F68611AC-BFED-400E-BB0D-F153E9ED8BD5}.Debug|x86.Build.0 = Debug|Win32
		{F68611AC-BFED-400E-BB0D-F153E9ED8BD5}.Release|Any CPU.ActiveCfg = Release|x64
		{F68611AC-BFED-400E-BB0D-F153E9ED8BD5}.Release|Any CPU.Build.0 = Release|x64
		{F68611AC-BFED-400E-BB0D-F153E9ED8BD5}.Release|x64.ActiveCfg = Release|x64
		{F68611AC-BFED-400E-BB0D-F153E9ED8BD5}.Release|x64.Build.0 = Release|x64
		{F68611AC-BFED-400E-BB0D-F153E9ED8BD5}.Release|x86.ActiveCfg = Release|Win32
		{F68611AC-BFED-400E-BB0D-F153E9ED8BD5}.Release|x86.Build.0 = Release|Win32
		{F68611AC-BFED-400E-BB0D-F153E9ED8BD5}.Unreal_release|Any CPU.ActiveCfg = Release|x64
		{F68611AC-BFED-400E-BB0D-F153E9ED8BD5}.Unreal_release|Any CPU.Build.0 = Release|x64
		{F68611AC-BFED-400E-BB0D-F153E9ED8BD5}.Unreal_release|x64.ActiveCfg = Release|x64
		{F68611AC-BFED-400E-BB0D-F153E9ED8BD5}.Unreal_release|x64.Build.0 = Release|x64
		{F68611AC-BFED-400E-BB0D-F153E9ED8BD5}.Unreal_release|x86.ActiveCfg = Release|Win32
		{F68611AC-BFED-400E-BB0D-F153E9ED8BD5}.Unreal_release|x86.Build.0 = Release|Win32
		{D8D61FEE-B1B8-47AC-95A2-5564204E6DE8}.Debug|Any CPU.ActiveCfg = Debug|x64
		{D8D61FEE-B1B8-47AC-95A2-5564204E6DE8}.Debug|Any CPU.Build.0 = Debug|x64
		{D8D61FEE-B1B8-47AC-95A2-5564204E6DE8}.Debug|x64.ActiveCfg = Debug|x64
		{D8D61FEE-B1B8-47AC-95A2-5564204E6DE8}.Debug|x64.Build.0 = Debug|x64
		{D8D61FEE-B1B8-47AC-95A2-5564204E6DE8}.Debug|x86.ActiveCfg = Debug|Win32
		{D8D61FEE-B1B8-47AC-95A2-5564204E6DE8}.Debug|x86.Build.0 = Debug|Win32
		{D8D61FEE-B1B8-47AC-95A2-5564204E6DE8}.Release|Any CPU.ActiveCfg = Release|x64
		{D8D61FEE-B1B8-47AC-95A2-5564204E6DE8}.Release|Any CPU.Build.0 = Release|x64
		{D8D61FEE-B1B8-47AC-95A2-5564204E6DE8}.Release|x64.ActiveCfg = Release|x64
		{D8D61FEE-B1B8-47AC-95A2-5564204E6DE8}.Release|x64.Build.0 = Release|x64
		{D8D61FEE-B1B8-47AC-95A2-5564204E6DE8}.Release|x86.ActiveCfg = Release|Win32
		{D8D61FEE-B1B8-47AC-95A2-5564204E6DE8}.Release|x86.Build.0 = Release|Win32
		{D8D61FEE-B1B8-47AC-95A2-5564204E6DE8}.Unreal_release|Any CPU.ActiveCfg = Release|x64
		{D8D61FEE-B1B8-47AC-95A2-5564204E6DE8}.Unreal_release|Any CPU.Build.0 = Release|x64
		{D8D61FEE-B1B8-47AC-95A2-5564204E6DE8}.Unreal_release|x64.ActiveCfg = Release|x64
		{D8D61FEE-B1B8-47AC-95A2-5564204E6DE8}.Unreal_release|x64.Build.0 = Release|x64
		{D8D61FEE-B1B8-47AC-95A2-5564204E6DE8}.Unreal_release|x86.ActiveCfg = Release|Win32
		{D8D61FEE-B1B8-47AC-95A2-5564204E6DE8}.Unreal_release|x86.Build.0 = Release|Win32
		{5A8ED82B-3F4A-412C-8555-68DD3E04A0DE}.Debug|Any CPU.ActiveCfg = Debug|x64
		{5A8ED82B-3F4A-412C-8555-68DD3E04A0DE}.Debug|Any CPU.Build.0 = Debug|x64
		{5A8ED82B-3F4A-412C-8555-68DD3E04A0DE}.Debug|x64.ActiveCfg = Debug|x64
		{5A8ED82B-3F4A-412C-8555-68DD3E04A0DE}.Debug|x64.Build.0 = Debug|x64
		{5A8ED82B-3F4A-412C-8555-68DD3E04A0DE}.Debug|x86.ActiveCfg = Debug|Win32
		{5A8ED82B-3F4A-412C-8555-68DD3E04A0DE}.Debug|x86.Build.0 = Debug|Win32
		{5A8ED82B-3F4A-412C-8555-68DD3E04A0DE}.Release|Any CPU.ActiveCfg = Release|x64
		{5A8ED82B-3F4A-412C-8555-68DD3E04A0DE}.Release|Any CPU.Build.0 = Release|x64
		{5A8ED82B-3F4A-412C-8555-68DD3E04A0DE}.Release|x64.ActiveCfg = Release|x64
		{5A8ED82B-3F4A-412C-8555-68DD3E04A0DE}.Release|x64.Build.0 = Release|x64
		{5A8ED82B-3F4A-412C-8555-68DD3E04A0DE}.Release|x86.ActiveCfg = Release|Win32
		{5A8ED82B-3F4A-412C-8555-68DD3E04A0DE}.Release|x86.Build.0 = Release|Win32
		{5A8ED82B-3F4A-412C-8555-68DD3E04A0DE}.Unreal_release|Any CPU.ActiveCfg = Release|x64
		{5A8ED82B-3F4A-412C-8555-68DD3E04A0DE}.Unreal_release|Any CPU.Build.0 = Release|x64
		{5A8ED82B-3F4A-412C-8555-68DD3E04A0DE}.Unreal_release|x64.ActiveCfg = Release|x64
		{5A8ED82B-3F4A-412C-8555-68DD3E04A0DE}.Unreal_release|x64.Build.0 = Release|x64
		{5A8ED82B-3F4A-412C-8555-68DD3E04A0DE}.Unreal_release|x86.ActiveCfg = Release|Win32
		{5A8ED82B-3F4A-412C-8555-68DD3E04A0DE}.Unreal_release|x86.Build.0 = Release|Win32
	EndGlobalSection
	GlobalSection(SolutionProperties) = preSolution
		HideSolutionNode = FALSE
	EndGlobalSection
	GlobalSection(ExtensibilityGlobals) = postSolution
		SolutionGuid = {4F7C3DE6-9C48-4869-9DF5-84DEC91EA9E4}
	EndGlobalSection
EndGlobal
