
Microsoft Visual Studio Solution File, Format Version 12.00
# Visual Studio 15
VisualStudioVersion = 15.0.28307.329
MinimumVisualStudioVersion = 10.0.40219.1
Project("{8BC9CEB8-8B4A-11D0-8D11-00A0C91BC942}") = "CoreLib", "CoreLib\CoreLib.vcxproj", "{836AFC22-C253-4818-A302-7CE12D7DC932}"
EndProject
Project("{8BC9CEB8-8B4A-11D0-8D11-00A0C91BC942}") = "NetworkLib", "NetworkLib\NetworkLib.vcxproj", "{BE5FE153-B209-4252-A97E-6C2756D2A7E6}"
EndProject
Project("{8BC9CEB8-8B4A-11D0-8D11-00A0C91BC942}") = "BuildAll", "BuildAll\BuildAll.vcxproj", "{48D52C2B-2717-402C-91EF-1131E16F1F41}"
EndProject
Global
	GlobalSection(SolutionConfigurationPlatforms) = preSolution
		Debug|x64 = Debug|x64
		Debug|x86 = Debug|x86
		Release|x64 = Release|x64
		Release|x86 = Release|x86
	EndGlobalSection
	GlobalSection(ProjectConfigurationPlatforms) = postSolution
		{836AFC22-C253-4818-A302-7CE12D7DC932}.Debug|x64.ActiveCfg = Debug|x64
		{836AFC22-C253-4818-A302-7CE12D7DC932}.Debug|x64.Build.0 = Debug|x64
		{836AFC22-C253-4818-A302-7CE12D7DC932}.Debug|x86.ActiveCfg = Debug|Win32
		{836AFC22-C253-4818-A302-7CE12D7DC932}.Debug|x86.Build.0 = Debug|Win32
		{836AFC22-C253-4818-A302-7CE12D7DC932}.Release|x64.ActiveCfg = Release|x64
		{836AFC22-C253-4818-A302-7CE12D7DC932}.Release|x64.Build.0 = Release|x64
		{836AFC22-C253-4818-A302-7CE12D7DC932}.Release|x86.ActiveCfg = Release|Win32
		{836AFC22-C253-4818-A302-7CE12D7DC932}.Release|x86.Build.0 = Release|Win32
		{BE5FE153-B209-4252-A97E-6C2756D2A7E6}.Debug|x64.ActiveCfg = Debug|x64
		{BE5FE153-B209-4252-A97E-6C2756D2A7E6}.Debug|x64.Build.0 = Debug|x64
		{BE5FE153-B209-4252-A97E-6C2756D2A7E6}.Debug|x86.ActiveCfg = Debug|Win32
		{BE5FE153-B209-4252-A97E-6C2756D2A7E6}.Debug|x86.Build.0 = Debug|Win32
		{BE5FE153-B209-4252-A97E-6C2756D2A7E6}.Release|x64.ActiveCfg = Release|x64
		{BE5FE153-B209-4252-A97E-6C2756D2A7E6}.Release|x64.Build.0 = Release|x64
		{BE5FE153-B209-4252-A97E-6C2756D2A7E6}.Release|x86.ActiveCfg = Release|Win32
		{BE5FE153-B209-4252-A97E-6C2756D2A7E6}.Release|x86.Build.0 = Release|Win32
		{48D52C2B-2717-402C-91EF-1131E16F1F41}.Debug|x64.ActiveCfg = Debug|x64
		{48D52C2B-2717-402C-91EF-1131E16F1F41}.Debug|x64.Build.0 = Debug|x64
		{48D52C2B-2717-402C-91EF-1131E16F1F41}.Debug|x86.ActiveCfg = Debug|Win32
		{48D52C2B-2717-402C-91EF-1131E16F1F41}.Debug|x86.Build.0 = Debug|Win32
		{48D52C2B-2717-402C-91EF-1131E16F1F41}.Release|x64.ActiveCfg = Release|x64
		{48D52C2B-2717-402C-91EF-1131E16F1F41}.Release|x64.Build.0 = Release|x64
		{48D52C2B-2717-402C-91EF-1131E16F1F41}.Release|x86.ActiveCfg = Release|Win32
		{48D52C2B-2717-402C-91EF-1131E16F1F41}.Release|x86.Build.0 = Release|Win32
	EndGlobalSection
	GlobalSection(SolutionProperties) = preSolution
		HideSolutionNode = FALSE
	EndGlobalSection
	GlobalSection(ExtensibilityGlobals) = postSolution
		SolutionGuid = {4F7C3DE6-9C48-4869-9DF5-84DEC91EA9E4}
	EndGlobalSection
EndGlobal
